
Microsoft Visual Studio Solution File, Format Version 12.00
# Visual Studio Version 17
VisualStudioVersion = 17.9.34723.18
MinimumVisualStudioVersion = 10.0.40219.1
Project("{8BC9CEB8-8B4A-11D0-8D11-00A0C91BC942}") = "Tema4-SlidingWindow", "Tema4-SlidingWindow.vcxproj", "{04ADECA8-4B23-47E9-9057-3705779E5516}"
EndProject
Global
	GlobalSection(SolutionConfigurationPlatforms) = preSolution
		Debug|x64 = Debug|x64
		Debug|x86 = Debug|x86
		Release|x64 = Release|x64
		Release|x86 = Release|x86
	EndGlobalSection
	GlobalSection(ProjectConfigurationPlatforms) = postSolution
		{04ADECA8-4B23-47E9-9057-3705779E5516}.Debug|x64.ActiveCfg = Debug|x64
		{04ADECA8-4B23-47E9-9057-3705779E5516}.Debug|x64.Build.0 = Debug|x64
		{04ADECA8-4B23-47E9-9057-3705779E5516}.Debug|x86.ActiveCfg = Debug|Win32
		{04ADECA8-4B23-47E9-9057-3705779E5516}.Debug|x86.Build.0 = Debug|Win32
		{04ADECA8-4B23-47E9-9057-3705779E5516}.Release|x64.ActiveCfg = Release|x64
		{04ADECA8-4B23-47E9-9057-3705779E5516}.Release|x64.Build.0 = Release|x64
		{04ADECA8-4B23-47E9-9057-3705779E5516}.Release|x86.ActiveCfg = Release|Win32
		{04ADECA8-4B23-47E9-9057-3705779E5516}.Release|x86.Build.0 = Release|Win32
	EndGlobalSection
	GlobalSection(SolutionProperties) = preSolution
		HideSolutionNode = FALSE
	EndGlobalSection
	GlobalSection(ExtensibilityGlobals) = postSolution
		SolutionGuid = {CE94C24B-3749-4244-B0B6-A24B64DD2531}
	EndGlobalSection
EndGlobal
